
Microsoft Visual Studio Solution File, Format Version 12.00
# Visual Studio Version 16
VisualStudioVersion = 16.0.30711.63
MinimumVisualStudioVersion = 10.0.40219.1
Project("{FAE04EC0-301F-11D3-BF4B-00C04F79EFBC}") = "EX-1-LISTA-1-Yohan_Aquino", "EX-1-LISTA-1-Yohan_Aquino\EX-1-LISTA-1-Yohan_Aquino.csproj", "{87F37B19-13ED-4458-9C08-6CB5778DD990}"
EndProject
Global
	GlobalSection(SolutionConfigurationPlatforms) = preSolution
		Debug|Any CPU = Debug|Any CPU
		Release|Any CPU = Release|Any CPU
	EndGlobalSection
	GlobalSection(ProjectConfigurationPlatforms) = postSolution
		{87F37B19-13ED-4458-9C08-6CB5778DD990}.Debug|Any CPU.ActiveCfg = Debug|Any CPU
		{87F37B19-13ED-4458-9C08-6CB5778DD990}.Debug|Any CPU.Build.0 = Debug|Any CPU
		{87F37B19-13ED-4458-9C08-6CB5778DD990}.Release|Any CPU.ActiveCfg = Release|Any CPU
		{87F37B19-13ED-4458-9C08-6CB5778DD990}.Release|Any CPU.Build.0 = Release|Any CPU
	EndGlobalSection
	GlobalSection(SolutionProperties) = preSolution
		HideSolutionNode = FALSE
	EndGlobalSection
	GlobalSection(ExtensibilityGlobals) = postSolution
		SolutionGuid = {F879FE92-CBC4-4563-977D-90FC8EF53B6D}
	EndGlobalSection
EndGlobal
